
Microsoft Visual Studio Solution File, Format Version 12.00
# Visual Studio Version 16
VisualStudioVersion = 16.0.33130.400
MinimumVisualStudioVersion = 10.0.40219.1
Project("{FAE04EC0-301F-11D3-BF4B-00C04F79EFBC}") = "consoleapp", "consoleapp\consoleapp.csproj", "{A9E66AD1-B87C-475A-86FC-9717DEC6822E}"
EndProject
Global
	GlobalSection(SolutionConfigurationPlatforms) = preSolution
		Debug|Any CPU = Debug|Any CPU
		Release|Any CPU = Release|Any CPU
	EndGlobalSection
	GlobalSection(ProjectConfigurationPlatforms) = postSolution
		{A9E66AD1-B87C-475A-86FC-9717DEC6822E}.Debug|Any CPU.ActiveCfg = Debug|Any CPU
		{A9E66AD1-B87C-475A-86FC-9717DEC6822E}.Debug|Any CPU.Build.0 = Debug|Any CPU
		{A9E66AD1-B87C-475A-86FC-9717DEC6822E}.Release|Any CPU.ActiveCfg = Release|Any CPU
		{A9E66AD1-B87C-475A-86FC-9717DEC6822E}.Release|Any CPU.Build.0 = Release|Any CPU
	EndGlobalSection
	GlobalSection(SolutionProperties) = preSolution
		HideSolutionNode = FALSE
	EndGlobalSection
	GlobalSection(ExtensibilityGlobals) = postSolution
		SolutionGuid = {980B02AE-3FF5-48B0-B59D-6889CC644592}
	EndGlobalSection
EndGlobal
